PODS:
  - Alamofire (4.9.1)
  - PromiseKit (6.12.0):
    - PromiseKit/CorePromise (= 6.12.0)
    - PromiseKit/Foundation (= 6.12.0)
    - PromiseKit/UIKit (= 6.12.0)
  - PromiseKit/CorePromise (6.12.0)
  - PromiseKit/Foundation (6.12.0):
    - PromiseKit/CorePromise
  - PromiseKit/UIKit (6.12.0):
    - PromiseKit/CorePromise
  - SDWebImage (5.0.6):
    - SDWebImage/Core (= 5.0.6)
  - SDWebImage/Core (5.0.6)

DEPENDENCIES:
  - Alamofire
  - PromiseKit (~> 6.8)
  - SDWebImage (~> 5.0.6)

SPEC REPOS:
  https://github.com/CocoaPods/Specs.git:
    - Alamofire
    - PromiseKit
    - SDWebImage

SPEC CHECKSUMS:
  Alamofire: 85e8a02c69d6020a0d734f6054870d7ecb75cf18
  PromiseKit: c06835ba442ce5454ce3cdde470232804a6e4ff8
  SDWebImage: 920f1a2ff1ca8296ad34f6e0510a1ef1d70ac965

PODFILE CHECKSUM: bdab2c04ede4a7cd5799c0d8433c50323ecabd59

COCOAPODS: 1.8.4
